
Microsoft Visual Studio Solution File, Format Version 12.00
Project("{2150E333-8FDC-42A3-9474-1A3956D46DE8}") = "Src", "Src", "{A1FECB13-C638-4864-9F17-BEE4D197B79C}"
EndProject
Project("{2150E333-8FDC-42A3-9474-1A3956D46DE8}") = "Core", "Core", "{D941FFB9-03DD-453E-B972-DADD3F96BEEE}"
EndProject
Project("{FAE04EC0-301F-11D3-BF4B-00C04F79EFBC}") = "MarketHub.Domain", "Src\Core\MarketHub.Domain\MarketHub.Domain.csproj", "{A67162C9-6BA5-44A9-8A83-D0746CB4C849}"
EndProject
Project("{FAE04EC0-301F-11D3-BF4B-00C04F79EFBC}") = "MarketHub.Application", "Src\Core\MarketHub.Application\MarketHub.Application.csproj", "{EF76D6DB-491B-43D0-93E2-F5EDC550B6D2}"
EndProject
Project("{FAE04EC0-301F-11D3-BF4B-00C04F79EFBC}") = "MarketHub.Persistence", "Src\Core\MarketHub.Persistence\MarketHub.Persistence.csproj", "{7104C4F3-FE2E-4472-A471-AD2810C46B29}"
EndProject
Project("{2150E333-8FDC-42A3-9474-1A3956D46DE8}") = "Infrastructure", "Infrastructure", "{4F9F2331-5834-445B-91D3-C55195BD1330}"
EndProject
Project("{FAE04EC0-301F-11D3-BF4B-00C04F79EFBC}") = "Infrastructure.Domain", "Src\Infrastructure\Infrastructure.Domain\Infrastructure.Domain.csproj", "{A2746DFF-555E-48AD-8739-82FF7BC9566E}"
EndProject
Project("{2150E333-8FDC-42A3-9474-1A3956D46DE8}") = "Web", "Web", "{664DF5DA-C0C0-4DCD-B616-9DCB7EE8E056}"
EndProject
Project("{FAE04EC0-301F-11D3-BF4B-00C04F79EFBC}") = "MarketHub.API", "Src\Web\MarketHub.API\MarketHub.API.csproj", "{7BC49F62-1384-4E73-81B3-DBDF865769F5}"
EndProject
Project("{FAE04EC0-301F-11D3-BF4B-00C04F79EFBC}") = "Infrastructure.Specifications", "Src\Infrastructure\Infrastructure.Specifications\Infrastructure.Specifications.csproj", "{AF4C766B-D883-4583-9639-3BEFB1DCEC52}"
EndProject
Project("{FAE04EC0-301F-11D3-BF4B-00C04F79EFBC}") = "Infrastructure.Persistence", "Src\Infrastructure\Infrastructure.Persistence\Infrastructure.Persistence.csproj", "{C6BFCACF-3D4C-46A0-9D36-D659B864B134}"
EndProject
Project("{FAE04EC0-301F-11D3-BF4B-00C04F79EFBC}") = "Infrastructure.API", "Src\Infrastructure\Infrastructure.API\Infrastructure.API.csproj", "{D9A406B6-8022-4ED7-9FE9-E2783FB8A506}"
EndProject
Project("{FAE04EC0-301F-11D3-BF4B-00C04F79EFBC}") = "Infrastructure.Application", "Src\Infrastructure\Infrastructure.Application\Infrastructure.Application.csproj", "{F235E878-8F81-4524-B8E6-FCB6772F7F65}"
EndProject
Global
	GlobalSection(SolutionConfigurationPlatforms) = preSolution
		Debug|Any CPU = Debug|Any CPU
		Release|Any CPU = Release|Any CPU
	EndGlobalSection
	GlobalSection(NestedProjects) = preSolution
		{D941FFB9-03DD-453E-B972-DADD3F96BEEE} = {A1FECB13-C638-4864-9F17-BEE4D197B79C}
		{A67162C9-6BA5-44A9-8A83-D0746CB4C849} = {D941FFB9-03DD-453E-B972-DADD3F96BEEE}
		{EF76D6DB-491B-43D0-93E2-F5EDC550B6D2} = {D941FFB9-03DD-453E-B972-DADD3F96BEEE}
		{7104C4F3-FE2E-4472-A471-AD2810C46B29} = {D941FFB9-03DD-453E-B972-DADD3F96BEEE}
		{4F9F2331-5834-445B-91D3-C55195BD1330} = {A1FECB13-C638-4864-9F17-BEE4D197B79C}
		{A2746DFF-555E-48AD-8739-82FF7BC9566E} = {4F9F2331-5834-445B-91D3-C55195BD1330}
		{664DF5DA-C0C0-4DCD-B616-9DCB7EE8E056} = {A1FECB13-C638-4864-9F17-BEE4D197B79C}
		{7BC49F62-1384-4E73-81B3-DBDF865769F5} = {664DF5DA-C0C0-4DCD-B616-9DCB7EE8E056}
		{AF4C766B-D883-4583-9639-3BEFB1DCEC52} = {4F9F2331-5834-445B-91D3-C55195BD1330}
		{C6BFCACF-3D4C-46A0-9D36-D659B864B134} = {4F9F2331-5834-445B-91D3-C55195BD1330}
		{D9A406B6-8022-4ED7-9FE9-E2783FB8A506} = {4F9F2331-5834-445B-91D3-C55195BD1330}
		{F235E878-8F81-4524-B8E6-FCB6772F7F65} = {4F9F2331-5834-445B-91D3-C55195BD1330}
	EndGlobalSection
	GlobalSection(ProjectConfigurationPlatforms) = postSolution
		{A67162C9-6BA5-44A9-8A83-D0746CB4C849}.Debug|Any CPU.ActiveCfg = Debug|Any CPU
		{A67162C9-6BA5-44A9-8A83-D0746CB4C849}.Debug|Any CPU.Build.0 = Debug|Any CPU
		{A67162C9-6BA5-44A9-8A83-D0746CB4C849}.Release|Any CPU.ActiveCfg = Release|Any CPU
		{A67162C9-6BA5-44A9-8A83-D0746CB4C849}.Release|Any CPU.Build.0 = Release|Any CPU
		{EF76D6DB-491B-43D0-93E2-F5EDC550B6D2}.Debug|Any CPU.ActiveCfg = Debug|Any CPU
		{EF76D6DB-491B-43D0-93E2-F5EDC550B6D2}.Debug|Any CPU.Build.0 = Debug|Any CPU
		{EF76D6DB-491B-43D0-93E2-F5EDC550B6D2}.Release|Any CPU.ActiveCfg = Release|Any CPU
		{EF76D6DB-491B-43D0-93E2-F5EDC550B6D2}.Release|Any CPU.Build.0 = Release|Any CPU
		{7104C4F3-FE2E-4472-A471-AD2810C46B29}.Debug|Any CPU.ActiveCfg = Debug|Any CPU
		{7104C4F3-FE2E-4472-A471-AD2810C46B29}.Debug|Any CPU.Build.0 = Debug|Any CPU
		{7104C4F3-FE2E-4472-A471-AD2810C46B29}.Release|Any CPU.ActiveCfg = Release|Any CPU
		{7104C4F3-FE2E-4472-A471-AD2810C46B29}.Release|Any CPU.Build.0 = Release|Any CPU
		{A2746DFF-555E-48AD-8739-82FF7BC9566E}.Debug|Any CPU.ActiveCfg = Debug|Any CPU
		{A2746DFF-555E-48AD-8739-82FF7BC9566E}.Debug|Any CPU.Build.0 = Debug|Any CPU
		{A2746DFF-555E-48AD-8739-82FF7BC9566E}.Release|Any CPU.ActiveCfg = Release|Any CPU
		{A2746DFF-555E-48AD-8739-82FF7BC9566E}.Release|Any CPU.Build.0 = Release|Any CPU
		{7BC49F62-1384-4E73-81B3-DBDF865769F5}.Debug|Any CPU.ActiveCfg = Debug|Any CPU
		{7BC49F62-1384-4E73-81B3-DBDF865769F5}.Debug|Any CPU.Build.0 = Debug|Any CPU
		{7BC49F62-1384-4E73-81B3-DBDF865769F5}.Release|Any CPU.ActiveCfg = Release|Any CPU
		{7BC49F62-1384-4E73-81B3-DBDF865769F5}.Release|Any CPU.Build.0 = Release|Any CPU
		{AF4C766B-D883-4583-9639-3BEFB1DCEC52}.Debug|Any CPU.ActiveCfg = Debug|Any CPU
		{AF4C766B-D883-4583-9639-3BEFB1DCEC52}.Debug|Any CPU.Build.0 = Debug|Any CPU
		{AF4C766B-D883-4583-9639-3BEFB1DCEC52}.Release|Any CPU.ActiveCfg = Release|Any CPU
		{AF4C766B-D883-4583-9639-3BEFB1DCEC52}.Release|Any CPU.Build.0 = Release|Any CPU
		{C6BFCACF-3D4C-46A0-9D36-D659B864B134}.Debug|Any CPU.ActiveCfg = Debug|Any CPU
		{C6BFCACF-3D4C-46A0-9D36-D659B864B134}.Debug|Any CPU.Build.0 = Debug|Any CPU
		{C6BFCACF-3D4C-46A0-9D36-D659B864B134}.Release|Any CPU.ActiveCfg = Release|Any CPU
		{C6BFCACF-3D4C-46A0-9D36-D659B864B134}.Release|Any CPU.Build.0 = Release|Any CPU
		{D9A406B6-8022-4ED7-9FE9-E2783FB8A506}.Debug|Any CPU.ActiveCfg = Debug|Any CPU
		{D9A406B6-8022-4ED7-9FE9-E2783FB8A506}.Debug|Any CPU.Build.0 = Debug|Any CPU
		{D9A406B6-8022-4ED7-9FE9-E2783FB8A506}.Release|Any CPU.ActiveCfg = Release|Any CPU
		{D9A406B6-8022-4ED7-9FE9-E2783FB8A506}.Release|Any CPU.Build.0 = Release|Any CPU
		{F235E878-8F81-4524-B8E6-FCB6772F7F65}.Debug|Any CPU.ActiveCfg = Debug|Any CPU
		{F235E878-8F81-4524-B8E6-FCB6772F7F65}.Debug|Any CPU.Build.0 = Debug|Any CPU
		{F235E878-8F81-4524-B8E6-FCB6772F7F65}.Release|Any CPU.ActiveCfg = Release|Any CPU
		{F235E878-8F81-4524-B8E6-FCB6772F7F65}.Release|Any CPU.Build.0 = Release|Any CPU
	EndGlobalSection
EndGlobal
